
Microsoft Visual Studio Solution File, Format Version 12.00
# Visual Studio Version 17
VisualStudioVersion = 17.9.34622.214
MinimumVisualStudioVersion = 10.0.40219.1
Project("{FAE04EC0-301F-11D3-BF4B-00C04F79EFBC}") = "ClassMate.Data", "ClassMate.Data\ClassMate.Data.csproj", "{87635427-55FD-493D-9AAD-0CEC978CA02A}"
EndProject
Project("{FAE04EC0-301F-11D3-BF4B-00C04F79EFBC}") = "ClassMate.Services", "ClassMate.Services\ClassMate.Services.csproj", "{7262BC3B-DC55-4A4F-AAE8-ED5789A76D87}"
EndProject
Project("{FAE04EC0-301F-11D3-BF4B-00C04F79EFBC}") = "ClassMate.Domain", "ClassMate.Domain\ClassMate.Domain.csproj", "{9576641C-CFB7-4906-82C6-B29514F5013E}"
EndProject
Project("{FAE04EC0-301F-11D3-BF4B-00C04F79EFBC}") = "ClassMate.API", "ClassMate.API\ClassMate.API.csproj", "{6C38763C-EC6D-4DDD-A02F-8EE020D1DAC4}"
EndProject
Global
	GlobalSection(SolutionConfigurationPlatforms) = preSolution
		Debug|Any CPU = Debug|Any CPU
		Release|Any CPU = Release|Any CPU
	EndGlobalSection
	GlobalSection(ProjectConfigurationPlatforms) = postSolution
		{87635427-55FD-493D-9AAD-0CEC978CA02A}.Debug|Any CPU.ActiveCfg = Debug|Any CPU
		{87635427-55FD-493D-9AAD-0CEC978CA02A}.Debug|Any CPU.Build.0 = Debug|Any CPU
		{87635427-55FD-493D-9AAD-0CEC978CA02A}.Release|Any CPU.ActiveCfg = Release|Any CPU
		{87635427-55FD-493D-9AAD-0CEC978CA02A}.Release|Any CPU.Build.0 = Release|Any CPU
		{7262BC3B-DC55-4A4F-AAE8-ED5789A76D87}.Debug|Any CPU.ActiveCfg = Debug|Any CPU
		{7262BC3B-DC55-4A4F-AAE8-ED5789A76D87}.Debug|Any CPU.Build.0 = Debug|Any CPU
		{7262BC3B-DC55-4A4F-AAE8-ED5789A76D87}.Release|Any CPU.ActiveCfg = Release|Any CPU
		{7262BC3B-DC55-4A4F-AAE8-ED5789A76D87}.Release|Any CPU.Build.0 = Release|Any CPU
		{9576641C-CFB7-4906-82C6-B29514F5013E}.Debug|Any CPU.ActiveCfg = Debug|Any CPU
		{9576641C-CFB7-4906-82C6-B29514F5013E}.Debug|Any CPU.Build.0 = Debug|Any CPU
		{9576641C-CFB7-4906-82C6-B29514F5013E}.Release|Any CPU.ActiveCfg = Release|Any CPU
		{9576641C-CFB7-4906-82C6-B29514F5013E}.Release|Any CPU.Build.0 = Release|Any CPU
		{6C38763C-EC6D-4DDD-A02F-8EE020D1DAC4}.Debug|Any CPU.ActiveCfg = Debug|Any CPU
		{6C38763C-EC6D-4DDD-A02F-8EE020D1DAC4}.Debug|Any CPU.Build.0 = Debug|Any CPU
		{6C38763C-EC6D-4DDD-A02F-8EE020D1DAC4}.Release|Any CPU.ActiveCfg = Release|Any CPU
		{6C38763C-EC6D-4DDD-A02F-8EE020D1DAC4}.Release|Any CPU.Build.0 = Release|Any CPU
	EndGlobalSection
	GlobalSection(SolutionProperties) = preSolution
		HideSolutionNode = FALSE
	EndGlobalSection
	GlobalSection(ExtensibilityGlobals) = postSolution
		SolutionGuid = {DEC392D1-07D7-4DAD-88A2-49ED239F773D}
	EndGlobalSection
EndGlobal
